
Microsoft Visual Studio Solution File, Format Version 12.00
# Visual Studio Version 17
VisualStudioVersion = 17.10.35013.160
MinimumVisualStudioVersion = 10.0.40219.1
Project("{FAE04EC0-301F-11D3-BF4B-00C04F79EFBC}") = "Интегральчики", "Интегральчики\Интегральчики.csproj", "{92D78CC7-7511-413E-A75B-87A2306C10B9}"
EndProject
Project("{FAE04EC0-301F-11D3-BF4B-00C04F79EFBC}") = "Правые прямоугл", "Правые прямоугл\Правые прямоугл.csproj", "{298CC649-EB8B-4800-8894-1AC67525F30C}"
EndProject
Project("{FAE04EC0-301F-11D3-BF4B-00C04F79EFBC}") = "Ф. Трапеций", "Ф. Трапеций\Ф. Трапеций.csproj", "{20EF8AED-C3A7-4223-80D7-1FC7AC29DCAF}"
EndProject
Project("{FAE04EC0-301F-11D3-BF4B-00C04F79EFBC}") = "Ф. сред. Прямоугольников", "Ф. сред. Прямоугольников\Ф. сред. Прямоугольников.csproj", "{463938D5-1703-46D2-9408-10136E14C3B3}"
EndProject
Project("{FAE04EC0-301F-11D3-BF4B-00C04F79EFBC}") = "Ф. Симпсона", "Ф. Симпсона\Ф. Симпсона.csproj", "{18F593E3-9069-47DD-8F3E-FB93C18CA08A}"
EndProject
Global
	GlobalSection(SolutionConfigurationPlatforms) = preSolution
		Debug|Any CPU = Debug|Any CPU
		Release|Any CPU = Release|Any CPU
	EndGlobalSection
	GlobalSection(ProjectConfigurationPlatforms) = postSolution
		{92D78CC7-7511-413E-A75B-87A2306C10B9}.Debug|Any CPU.ActiveCfg = Debug|Any CPU
		{92D78CC7-7511-413E-A75B-87A2306C10B9}.Debug|Any CPU.Build.0 = Debug|Any CPU
		{92D78CC7-7511-413E-A75B-87A2306C10B9}.Release|Any CPU.ActiveCfg = Release|Any CPU
		{92D78CC7-7511-413E-A75B-87A2306C10B9}.Release|Any CPU.Build.0 = Release|Any CPU
		{298CC649-EB8B-4800-8894-1AC67525F30C}.Debug|Any CPU.ActiveCfg = Debug|Any CPU
		{298CC649-EB8B-4800-8894-1AC67525F30C}.Debug|Any CPU.Build.0 = Debug|Any CPU
		{298CC649-EB8B-4800-8894-1AC67525F30C}.Release|Any CPU.ActiveCfg = Release|Any CPU
		{298CC649-EB8B-4800-8894-1AC67525F30C}.Release|Any CPU.Build.0 = Release|Any CPU
		{20EF8AED-C3A7-4223-80D7-1FC7AC29DCAF}.Debug|Any CPU.ActiveCfg = Debug|Any CPU
		{20EF8AED-C3A7-4223-80D7-1FC7AC29DCAF}.Debug|Any CPU.Build.0 = Debug|Any CPU
		{20EF8AED-C3A7-4223-80D7-1FC7AC29DCAF}.Release|Any CPU.ActiveCfg = Release|Any CPU
		{20EF8AED-C3A7-4223-80D7-1FC7AC29DCAF}.Release|Any CPU.Build.0 = Release|Any CPU
		{463938D5-1703-46D2-9408-10136E14C3B3}.Debug|Any CPU.ActiveCfg = Debug|Any CPU
		{463938D5-1703-46D2-9408-10136E14C3B3}.Debug|Any CPU.Build.0 = Debug|Any CPU
		{463938D5-1703-46D2-9408-10136E14C3B3}.Release|Any CPU.ActiveCfg = Release|Any CPU
		{463938D5-1703-46D2-9408-10136E14C3B3}.Release|Any CPU.Build.0 = Release|Any CPU
		{18F593E3-9069-47DD-8F3E-FB93C18CA08A}.Debug|Any CPU.ActiveCfg = Debug|Any CPU
		{18F593E3-9069-47DD-8F3E-FB93C18CA08A}.Debug|Any CPU.Build.0 = Debug|Any CPU
		{18F593E3-9069-47DD-8F3E-FB93C18CA08A}.Release|Any CPU.ActiveCfg = Release|Any CPU
		{18F593E3-9069-47DD-8F3E-FB93C18CA08A}.Release|Any CPU.Build.0 = Release|Any CPU
	EndGlobalSection
	GlobalSection(SolutionProperties) = preSolution
		HideSolutionNode = FALSE
	EndGlobalSection
	GlobalSection(ExtensibilityGlobals) = postSolution
		SolutionGuid = {4F10F3EB-9357-4175-A492-71D8CA0C529A}
	EndGlobalSection
EndGlobal
